
Microsoft Visual Studio Solution File, Format Version 12.00
# Visual Studio Version 16
VisualStudioVersion = 16.0.30105.148
MinimumVisualStudioVersion = 10.0.40219.1
Project("{9A19103F-16F7-4668-BE54-9A1E7A4F7556}") = "Barotrauma Mod Generator", "Barotrauma Mod Generator\Barotrauma Mod Generator.csproj", "{02F29081-9220-4867-9559-68E57A102A31}"
EndProject
Project("{9A19103F-16F7-4668-BE54-9A1E7A4F7556}") = "Barotrauma Mod Generator Tests", "Barotrauma Mod Generator Tests\Barotrauma Mod Generator Tests.csproj", "{140BA2B7-1558-41D0-BFCE-D89A5499B86B}"
EndProject
Global
	GlobalSection(SolutionConfigurationPlatforms) = preSolution
		Debug|Any CPU = Debug|Any CPU
		Release|Any CPU = Release|Any CPU
	EndGlobalSection
	GlobalSection(ProjectConfigurationPlatforms) = postSolution
		{02F29081-9220-4867-9559-68E57A102A31}.Debug|Any CPU.ActiveCfg = Debug|Any CPU
		{02F29081-9220-4867-9559-68E57A102A31}.Debug|Any CPU.Build.0 = Debug|Any CPU
		{02F29081-9220-4867-9559-68E57A102A31}.Release|Any CPU.ActiveCfg = Release|Any CPU
		{02F29081-9220-4867-9559-68E57A102A31}.Release|Any CPU.Build.0 = Release|Any CPU
		{140BA2B7-1558-41D0-BFCE-D89A5499B86B}.Debug|Any CPU.ActiveCfg = Debug|Any CPU
		{140BA2B7-1558-41D0-BFCE-D89A5499B86B}.Debug|Any CPU.Build.0 = Debug|Any CPU
		{140BA2B7-1558-41D0-BFCE-D89A5499B86B}.Release|Any CPU.ActiveCfg = Release|Any CPU
		{140BA2B7-1558-41D0-BFCE-D89A5499B86B}.Release|Any CPU.Build.0 = Release|Any CPU
	EndGlobalSection
	GlobalSection(SolutionProperties) = preSolution
		HideSolutionNode = FALSE
	EndGlobalSection
	GlobalSection(ExtensibilityGlobals) = postSolution
		SolutionGuid = {1DB1E476-F4FB-49A4-AF35-0FE91A9C4122}
	EndGlobalSection
EndGlobal
